<?xml version="1.0" encoding="utf-8"?>
<Project ToolsVersion="4.0" xmlns="http://schemas.microsoft.com/developer/msbuild/2003">
  <ItemGroup>
    <Filter Include="Source Files">
      <UniqueIdentifier>{4FC737F1-C7A5-4376-A066-2A32D752A2FF}</UniqueIdentifier>
      <Extensions>cpp;c;cc;cxx;c++;cppm;ixx;def;odl;idl;hpj;bat;asm;asmx</Extensions>
    </Filter>
    <Filter Include="Header Files">
      <UniqueIdentifier>{93995380-89BD-4b04-88EB-625FBE52EBFB}</UniqueIdentifier>
      <Extensions>h;hh;hpp;hxx;h++;hm;inl;inc;ipp;xsd</Extensions>
    </Filter>
    <Filter Include="Resource Files">
      <UniqueIdentifier>{67DA6AB6-F800-4c08-8B7A-83BB121AAD01}</UniqueIdentifier>
      <Extensions>rc;ico;cur;bmp;dlg;rc2;rct;bin;rgs;gif;jpg;jpeg;jpe;resx;tiff;tif;png;wav;mfcribbon-ms</Extensions>
    </Filter>
    <Filter Include="Header Files\Scene">
      <UniqueIdentifier>{07bcd636-5f2e-4f72-9800-eceb983b30d7}</UniqueIdentifier>
    </Filter>
    <Filter Include="Header Files\Entity">
      <UniqueIdentifier>{75f00742-ffbc-4536-a597-b8a3aeedb8cc}</UniqueIdentifier>
    </Filter>
    <Filter Include="Source Files\Entity">
      <UniqueIdentifier>{33304038-2498-403a-8825-f8c31d9295f6}</UniqueIdentifier>
    </Filter>
    <Filter Include="Source Files\Scene">
      <UniqueIdentifier>{dc891d53-c107-444a-bdfb-8b1acbc65812}</UniqueIdentifier>
    </Filter>
    <Filter Include="Header Files\Entity\Enemy">
      <UniqueIdentifier>{eb4dbf51-cd53-4759-8d2e-8e8f94fc8a36}</UniqueIdentifier>
    </Filter>
    <Filter Include="Source Files\Entity\Enemy">
      <UniqueIdentifier>{4d16252a-819b-49ec-a864-28e0dfb43ee2}</UniqueIdentifier>
    </Filter>
    <Filter Include="Header Files\Utility">
      <UniqueIdentifier>{7f04a40a-4091-48da-ad1e-5022d881b6b6}</UniqueIdentifier>
    </Filter>
    <Filter Include="Source Files\Utility">
      <UniqueIdentifier>{eb9aeb2b-9afb-4453-bbf2-4053cd9efc86}</UniqueIdentifier>
    </Filter>
    <Filter Include="Source Files\Entity\Object">
      <UniqueIdentifier>{a31c2bea-f165-4fcc-a198-917517c6c67d}</UniqueIdentifier>
    </Filter>
    <Filter Include="Header Files\Entity\Object">
      <UniqueIdentifier>{56b44db7-632e-4bbc-bf41-1d0ffdd5a1f5}</UniqueIdentifier>
    </Filter>
  </ItemGroup>
  <ItemGroup>
    <ClCompile Include="main.cpp">
      <Filter>Source Files</Filter>
    </ClCompile>
    <ClCompile Include="LevelA.cpp">
      <Filter>Source Files\Scene</Filter>
    </ClCompile>
    <ClCompile Include="LevelB.cpp">
      <Filter>Source Files\Scene</Filter>
    </ClCompile>
    <ClCompile Include="Map.cpp">
      <Filter>Source Files\Scene</Filter>
    </ClCompile>
    <ClCompile Include="Character.cpp">
      <Filter>Source Files\Entity</Filter>
    </ClCompile>
    <ClCompile Include="Entity.cpp">
      <Filter>Source Files\Entity</Filter>
    </ClCompile>
    <ClCompile Include="HellBot.cpp">
      <Filter>Source Files\Entity\Enemy</Filter>
    </ClCompile>
    <ClCompile Include="Enemy.cpp">
      <Filter>Source Files\Entity</Filter>
    </ClCompile>
    <ClCompile Include="BlindingSpider.cpp">
      <Filter>Source Files\Entity\Enemy</Filter>
    </ClCompile>
    <ClCompile Include="ShaderProgram.cpp">
      <Filter>Source Files\Utility</Filter>
    </ClCompile>
    <ClCompile Include="Utility.cpp">
      <Filter>Source Files\Utility</Filter>
    </ClCompile>
    <ClCompile Include="CollisionDebugBox.cpp">
      <Filter>Source Files\Utility</Filter>
    </ClCompile>
    <ClCompile Include="Gate.cpp">
      <Filter>Source Files\Entity\Object</Filter>
    </ClCompile>
    <ClCompile Include="StaticAnimatedObject.cpp">
      <Filter>Source Files\Entity\Object</Filter>
    </ClCompile>
    <ClCompile Include="GateActuator.cpp">
      <Filter>Source Files\Entity\Object</Filter>
    </ClCompile>
    <ClCompile Include="FlowerEnemy.cpp">
      <Filter>Source Files\Entity\Enemy</Filter>
    </ClCompile>
    <ClCompile Include="StaticDecoration.cpp">
      <Filter>Source Files\Entity\Object</Filter>
    </ClCompile>
    <ClCompile Include="LevelC.cpp">
      <Filter>Source Files\Scene</Filter>
    </ClCompile>
    <ClCompile Include="TarnishedWidow.cpp">
      <Filter>Source Files\Entity\Enemy</Filter>
    </ClCompile>
    <ClCompile Include="LevelStartMenu.cpp">
      <Filter>Source Files\Scene</Filter>
    </ClCompile>
    <ClCompile Include="Scene.cpp">
      <Filter>Source Files\Scene</Filter>
    </ClCompile>
    <ClCompile Include="Effects.cpp">
      <Filter>Source Files\Utility</Filter>
    </ClCompile>
  </ItemGroup>
  <ItemGroup>
    <ClInclude Include="Scene.h">
      <Filter>Header Files\Scene</Filter>
    </ClInclude>
    <ClInclude Include="LevelB.h">
      <Filter>Header Files\Scene</Filter>
    </ClInclude>
    <ClInclude Include="LevelA.h">
      <Filter>Header Files\Scene</Filter>
    </ClInclude>
    <ClInclude Include="Entity.h">
      <Filter>Header Files\Entity</Filter>
    </ClInclude>
    <ClInclude Include="Character.h">
      <Filter>Header Files\Entity</Filter>
    </ClInclude>
    <ClInclude Include="Map.h">
      <Filter>Header Files\Scene</Filter>
    </ClInclude>
    <ClInclude Include="HellBot.h">
      <Filter>Header Files\Entity\Enemy</Filter>
    </ClInclude>
    <ClInclude Include="BlindingSpider.h">
      <Filter>Header Files\Entity\Enemy</Filter>
    </ClInclude>
    <ClInclude Include="Enemy.h">
      <Filter>Header Files\Entity</Filter>
    </ClInclude>
    <ClInclude Include="ShaderProgram.h">
      <Filter>Header Files\Utility</Filter>
    </ClInclude>
    <ClInclude Include="stb_image.h">
      <Filter>Header Files\Utility</Filter>
    </ClInclude>
    <ClInclude Include="Utility.h">
      <Filter>Header Files\Utility</Filter>
    </ClInclude>
    <ClInclude Include="CollisionDebugBox.h">
      <Filter>Header Files\Utility</Filter>
    </ClInclude>
    <ClInclude Include="StaticAnimatedObject.h">
      <Filter>Header Files\Entity\Object</Filter>
    </ClInclude>
    <ClInclude Include="FlowerEnemy.h">
      <Filter>Header Files\Entity\Enemy</Filter>
    </ClInclude>
    <ClInclude Include="Gate.h">
      <Filter>Header Files\Entity\Object</Filter>
    </ClInclude>
    <ClInclude Include="GateActuator.h">
      <Filter>Header Files\Entity\Object</Filter>
    </ClInclude>
    <ClInclude Include="StaticDecoration.h">
      <Filter>Header Files\Entity\Object</Filter>
    </ClInclude>
    <ClInclude Include="LevelC.h">
      <Filter>Header Files\Scene</Filter>
    </ClInclude>
    <ClInclude Include="TarnishedWidow.h">
      <Filter>Header Files\Entity\Enemy</Filter>
    </ClInclude>
    <ClInclude Include="LevelStartMenu.h">
      <Filter>Header Files\Scene</Filter>
    </ClInclude>
    <ClInclude Include="Effects.h">
      <Filter>Header Files\Utility</Filter>
    </ClInclude>
  </ItemGroup>
  <ItemGroup>
    <None Include="level_A_data.json">
      <Filter>Resource Files</Filter>
    </None>
    <None Include="level_B_data.json">
      <Filter>Resource Files</Filter>
    </None>
    <None Include="level_C_data.json">
      <Filter>Resource Files</Filter>
    </None>
  </ItemGroup>
</Project>